
Microsoft Visual Studio Solution File, Format Version 12.00
# Visual Studio 15
VisualStudioVersion = 15.0.27130.2027
MinimumVisualStudioVersion = 10.0.40219.1
Project("{9A19103F-16F7-4668-BE54-9A1E7A4F7556}") = "Mp.Protractors.Web", "assignment-master\Mp.Protractors.Web.csproj", "{9BBF5F8F-6F0C-424F-B873-214DCBA9E7D9}"
EndProject
Project("{9A19103F-16F7-4668-BE54-9A1E7A4F7556}") = "Mp.Protractors.BLL", "Mp.Protractors.BLL\Mp.Protractors.BLL.csproj", "{A897EFF6-DB04-4008-8E02-0C997613D34D}"
EndProject
Project("{9A19103F-16F7-4668-BE54-9A1E7A4F7556}") = "Mp.Protractors.Entities", "Mp.Protractors.Entities\Mp.Protractors.Entities.csproj", "{3C48CDF7-4E99-41BD-B875-FC66B581D1BA}"
EndProject
Project("{FAE04EC0-301F-11D3-BF4B-00C04F79EFBC}") = "Mp.Protractors.Tests", "Mp.Protractors.Tests\Mp.Protractors.Tests.csproj", "{5DD3958F-943C-4A75-8B38-1E5BFE6BCFBC}"
EndProject
Global
	GlobalSection(SolutionConfigurationPlatforms) = preSolution
		Debug|Any CPU = Debug|Any CPU
		Release|Any CPU = Release|Any CPU
	EndGlobalSection
	GlobalSection(ProjectConfigurationPlatforms) = postSolution
		{9BBF5F8F-6F0C-424F-B873-214DCBA9E7D9}.Debug|Any CPU.ActiveCfg = Debug|Any CPU
		{9BBF5F8F-6F0C-424F-B873-214DCBA9E7D9}.Debug|Any CPU.Build.0 = Debug|Any CPU
		{9BBF5F8F-6F0C-424F-B873-214DCBA9E7D9}.Release|Any CPU.ActiveCfg = Release|Any CPU
		{9BBF5F8F-6F0C-424F-B873-214DCBA9E7D9}.Release|Any CPU.Build.0 = Release|Any CPU
		{A897EFF6-DB04-4008-8E02-0C997613D34D}.Debug|Any CPU.ActiveCfg = Debug|Any CPU
		{A897EFF6-DB04-4008-8E02-0C997613D34D}.Debug|Any CPU.Build.0 = Debug|Any CPU
		{A897EFF6-DB04-4008-8E02-0C997613D34D}.Release|Any CPU.ActiveCfg = Release|Any CPU
		{A897EFF6-DB04-4008-8E02-0C997613D34D}.Release|Any CPU.Build.0 = Release|Any CPU
		{3C48CDF7-4E99-41BD-B875-FC66B581D1BA}.Debug|Any CPU.ActiveCfg = Debug|Any CPU
		{3C48CDF7-4E99-41BD-B875-FC66B581D1BA}.Debug|Any CPU.Build.0 = Debug|Any CPU
		{3C48CDF7-4E99-41BD-B875-FC66B581D1BA}.Release|Any CPU.ActiveCfg = Release|Any CPU
		{3C48CDF7-4E99-41BD-B875-FC66B581D1BA}.Release|Any CPU.Build.0 = Release|Any CPU
		{5DD3958F-943C-4A75-8B38-1E5BFE6BCFBC}.Debug|Any CPU.ActiveCfg = Debug|Any CPU
		{5DD3958F-943C-4A75-8B38-1E5BFE6BCFBC}.Debug|Any CPU.Build.0 = Debug|Any CPU
		{5DD3958F-943C-4A75-8B38-1E5BFE6BCFBC}.Release|Any CPU.ActiveCfg = Release|Any CPU
		{5DD3958F-943C-4A75-8B38-1E5BFE6BCFBC}.Release|Any CPU.Build.0 = Release|Any CPU
	EndGlobalSection
	GlobalSection(SolutionProperties) = preSolution
		HideSolutionNode = FALSE
	EndGlobalSection
	GlobalSection(ExtensibilityGlobals) = postSolution
		SolutionGuid = {CB909EAB-C0DA-4E0E-B605-A74E6268D364}
	EndGlobalSection
EndGlobal
